<Solution>
  <Configurations>
    <Platform Name="Any CPU" />
    <Platform Name="x64" />
    <Platform Name="x86" />
  </Configurations>
  <Project Path="FusionAuth.Sdk.ConsoleApp/FusionAuth.Sdk.ConsoleApp.csproj" />
  <Project Path="FusionAuth.Sdk/FusionAuth.Sdk.csproj" />
  <Project Path="FusionAuthBlazorServerDemo/FusionAuthBlazorServerDemo.csproj" />
</Solution>
